
Microsoft Visual Studio Solution File, Format Version 12.00
# Visual Studio Version 17
VisualStudioVersion = 17.0.32014.148
MinimumVisualStudioVersion = 10.0.40219.1
Project("{FAE04EC0-301F-11D3-BF4B-00C04F79EFBC}") = "Wypożyczalnia", "Wypożyczalnia.csproj", "{2DB95DD6-2C61-4DEA-876F-5ABFB0CE5262}"
EndProject
Global
	GlobalSection(SolutionConfigurationPlatforms) = preSolution
		Debug|Any CPU = Debug|Any CPU
		Release|Any CPU = Release|Any CPU
	EndGlobalSection
	GlobalSection(ProjectConfigurationPlatforms) = postSolution
		{2DB95DD6-2C61-4DEA-876F-5ABFB0CE5262}.Debug|Any CPU.ActiveCfg = Debug|Any CPU
		{2DB95DD6-2C61-4DEA-876F-5ABFB0CE5262}.Debug|Any CPU.Build.0 = Debug|Any CPU
		{2DB95DD6-2C61-4DEA-876F-5ABFB0CE5262}.Release|Any CPU.ActiveCfg = Release|Any CPU
		{2DB95DD6-2C61-4DEA-876F-5ABFB0CE5262}.Release|Any CPU.Build.0 = Release|Any CPU
	EndGlobalSection
	GlobalSection(SolutionProperties) = preSolution
		HideSolutionNode = FALSE
	EndGlobalSection
	GlobalSection(ExtensibilityGlobals) = postSolution
		SolutionGuid = {59099D74-15E7-402A-B9D7-B35EDD6B0EDF}
	EndGlobalSection
EndGlobal
